<?xml version="1.0" encoding="utf-8"?>
<Project ToolsVersion="4.0" xmlns="http://schemas.microsoft.com/developer/msbuild/2003">
  <ItemGroup>
    <Filter Include="Source Files">
      <UniqueIdentifier>{4FC737F1-C7A5-4376-A066-2A32D752A2FF}</UniqueIdentifier>
      <Extensions>cpp;c;cc;cxx;def;odl;idl;hpj;bat;asm;asmx</Extensions>
    </Filter>
    <Filter Include="Header Files">
      <UniqueIdentifier>{93995380-89BD-4b04-88EB-625FBE52EBFB}</UniqueIdentifier>
      <Extensions>h;hh;hpp;hxx;hm;inl;inc;xsd</Extensions>
    </Filter>
    <Filter Include="Resource Files">
      <UniqueIdentifier>{67DA6AB6-F800-4c08-8B7A-83BB121AAD01}</UniqueIdentifier>
      <Extensions>rc;ico;cur;bmp;dlg;rc2;rct;bin;rgs;gif;jpg;jpeg;jpe;resx;tiff;tif;png;wav;mfcribbon-ms</Extensions>
    </Filter>
    <Filter Include="Source Files\phisics">
      <UniqueIdentifier>{c10aa381-ea9b-4be7-86ec-c19b000039a4}</UniqueIdentifier>
    </Filter>
    <Filter Include="Source Files\gameplay">
      <UniqueIdentifier>{ebed063d-96c3-4029-b61e-f547944f069c}</UniqueIdentifier>
    </Filter>
    <Filter Include="Source Files\stages">
      <UniqueIdentifier>{85c8affe-6dd8-4aef-9f78-1086a47c3863}</UniqueIdentifier>
    </Filter>
  </ItemGroup>
  <ItemGroup>
    <ClCompile Include="ResourceManager.cpp">
      <Filter>Source Files</Filter>
    </ClCompile>
    <ClCompile Include="configparser.cpp">
      <Filter>Source Files</Filter>
    </ClCompile>
    <ClCompile Include="2d_phisLIB\Container.cpp">
      <Filter>Source Files</Filter>
    </ClCompile>
    <ClCompile Include="2d_phisLIB\PHISICS_2D.cpp">
      <Filter>Source Files</Filter>
    </ClCompile>
    <ClCompile Include="2d_phisLIB\AutisticCmath.cpp">
      <Filter>Source Files\phisics</Filter>
    </ClCompile>
    <ClCompile Include="2d_phisLIB\systems\CollisionSystem.cpp">
      <Filter>Source Files\phisics</Filter>
    </ClCompile>
    <ClCompile Include="2d_phisLIB\systems\ForcesSystem.cpp">
      <Filter>Source Files\phisics</Filter>
    </ClCompile>
    <ClCompile Include="2d_phisLIB\isCollidingFuns.cpp">
      <Filter>Source Files\phisics</Filter>
    </ClCompile>
    <ClCompile Include="2d_phisLIB\systems\jointsystem.cpp">
      <Filter>Source Files\phisics</Filter>
    </ClCompile>
    <ClCompile Include="2d_phisLIB\systems\MouseDragSystem.cpp">
      <Filter>Source Files\phisics</Filter>
    </ClCompile>
    <ClCompile Include="2d_phisLIB\systems\MovementSystem.cpp">
      <Filter>Source Files\phisics</Filter>
    </ClCompile>
    <ClCompile Include="destructionsystem.cpp">
      <Filter>Source Files</Filter>
    </ClCompile>
    <ClCompile Include="game_over_system.cpp">
      <Filter>Source Files</Filter>
    </ClCompile>
    <ClCompile Include="platform_manager.cpp">
      <Filter>Source Files\gameplay</Filter>
    </ClCompile>
    <ClCompile Include="cargosystem.cpp">
      <Filter>Source Files\gameplay</Filter>
    </ClCompile>
    <ClCompile Include="cranesystem.cpp">
      <Filter>Source Files\gameplay</Filter>
    </ClCompile>
    <ClCompile Include="enemy_system.cpp">
      <Filter>Source Files\gameplay</Filter>
    </ClCompile>
    <ClCompile Include="engine_system.cpp">
      <Filter>Source Files\gameplay</Filter>
    </ClCompile>
    <ClCompile Include="sliding_doors_system.cpp">
      <Filter>Source Files\gameplay</Filter>
    </ClCompile>
    <ClCompile Include="GameplayStage.cpp">
      <Filter>Source Files\stages</Filter>
    </ClCompile>
    <ClCompile Include="LoadingDataStage.cpp">
      <Filter>Source Files\stages</Filter>
    </ClCompile>
    <ClCompile Include="SerwerStage.cpp">
      <Filter>Source Files\stages</Filter>
    </ClCompile>
    <ClCompile Include="sewer.cpp">
      <Filter>Source Files\stages</Filter>
    </ClCompile>
    <ClCompile Include="LoginStage.cpp">
      <Filter>Source Files\stages</Filter>
    </ClCompile>
    <ClCompile Include="ContainerOfParts.cpp">
      <Filter>Source Files</Filter>
    </ClCompile>
  </ItemGroup>
  <ItemGroup>
    <ClInclude Include="SerwerStage.h">
      <Filter>Header Files</Filter>
    </ClInclude>
    <ClInclude Include="LoginStage.h">
      <Filter>Header Files</Filter>
    </ClInclude>
    <ClInclude Include="GameplayStage.h">
      <Filter>Header Files</Filter>
    </ClInclude>
    <ClInclude Include="LibsAndDeclarations.h">
      <Filter>Header Files</Filter>
    </ClInclude>
    <ClInclude Include="ResourceManager.h">
      <Filter>Header Files</Filter>
    </ClInclude>
    <ClInclude Include="LoadingDataStage.h">
      <Filter>Header Files</Filter>
    </ClInclude>
    <ClInclude Include="configparser.h">
      <Filter>Header Files</Filter>
    </ClInclude>
    <ClInclude Include="2d_phisLIB\systems\CollisionSystem.h">
      <Filter>Header Files</Filter>
    </ClInclude>
    <ClInclude Include="2d_phisLIB\systems\ForcesSystem.h">
      <Filter>Header Files</Filter>
    </ClInclude>
    <ClInclude Include="2d_phisLIB\systems\jointsystem.h">
      <Filter>Header Files</Filter>
    </ClInclude>
    <ClInclude Include="2d_phisLIB\systems\MouseDragSystem.h">
      <Filter>Header Files</Filter>
    </ClInclude>
    <ClInclude Include="2d_phisLIB\systems\MovementSystem.h">
      <Filter>Header Files</Filter>
    </ClInclude>
    <ClInclude Include="2d_phisLIB\AutisticCmath.h">
      <Filter>Header Files</Filter>
    </ClInclude>
    <ClInclude Include="2d_phisLIB\components.h">
      <Filter>Header Files</Filter>
    </ClInclude>
    <ClInclude Include="2d_phisLIB\Container.h">
      <Filter>Header Files</Filter>
    </ClInclude>
    <ClInclude Include="2d_phisLIB\Events.h">
      <Filter>Header Files</Filter>
    </ClInclude>
    <ClInclude Include="2d_phisLIB\isCollidingFuns.h">
      <Filter>Header Files</Filter>
    </ClInclude>
    <ClInclude Include="2d_phisLIB\Manifold.h">
      <Filter>Header Files</Filter>
    </ClInclude>
    <ClInclude Include="2d_phisLIB\phisics_2d.h">
      <Filter>Header Files</Filter>
    </ClInclude>
    <ClInclude Include="cargosystem.h">
      <Filter>Header Files</Filter>
    </ClInclude>
    <ClInclude Include="cranesystem.h">
      <Filter>Header Files</Filter>
    </ClInclude>
    <ClInclude Include="destructionsystem.h">
      <Filter>Header Files</Filter>
    </ClInclude>
    <ClInclude Include="enemy_system.h">
      <Filter>Header Files</Filter>
    </ClInclude>
    <ClInclude Include="engine_system.h">
      <Filter>Header Files</Filter>
    </ClInclude>
    <ClInclude Include="game_over_system.h">
      <Filter>Header Files</Filter>
    </ClInclude>
    <ClInclude Include="sliding_doors_system.h">
      <Filter>Header Files</Filter>
    </ClInclude>
    <ClInclude Include="platform_manager.h">
      <Filter>Header Files</Filter>
    </ClInclude>
    <ClInclude Include="ContainerOfParts.h">
      <Filter>Header Files</Filter>
    </ClInclude>
    <ClInclude Include="Conversion.h">
      <Filter>Header Files</Filter>
    </ClInclude>
  </ItemGroup>
  <ItemGroup>
    <None Include="packages.config">
      <Filter>Source Files</Filter>
    </None>
  </ItemGroup>
</Project>